
Microsoft Visual Studio Solution File, Format Version 12.00
# Visual Studio Version 17
VisualStudioVersion = 17.1.32328.378
MinimumVisualStudioVersion = 10.0.40219.1
Project("{9A19103F-16F7-4668-BE54-9A1E7A4F7556}") = "SalesWebMvc", "SalesWebMvc.csproj", "{071B4916-BD40-4DD3-9C82-6CB00C4D1D98}"
EndProject
Global
	GlobalSection(SolutionConfigurationPlatforms) = preSolution
		Debug|Any CPU = Debug|Any CPU
		Release|Any CPU = Release|Any CPU
	EndGlobalSection
	GlobalSection(ProjectConfigurationPlatforms) = postSolution
		{071B4916-BD40-4DD3-9C82-6CB00C4D1D98}.Debug|Any CPU.ActiveCfg = Debug|Any CPU
		{071B4916-BD40-4DD3-9C82-6CB00C4D1D98}.Debug|Any CPU.Build.0 = Debug|Any CPU
		{071B4916-BD40-4DD3-9C82-6CB00C4D1D98}.Release|Any CPU.ActiveCfg = Release|Any CPU
		{071B4916-BD40-4DD3-9C82-6CB00C4D1D98}.Release|Any CPU.Build.0 = Release|Any CPU
	EndGlobalSection
	GlobalSection(SolutionProperties) = preSolution
		HideSolutionNode = FALSE
	EndGlobalSection
	GlobalSection(ExtensibilityGlobals) = postSolution
		SolutionGuid = {82BDC19F-2E7B-4CD2-B179-2785777C48FB}
	EndGlobalSection
EndGlobal
